{
  "name": "NextVue",
  "lockfileVersion": 3,
  "requires": true,
  "packages": {
    "": {
      "dependencies": {
        "i18next-browser-languagedetector": "^8.2.0",
        "i18next-localstorage-backend": "^4.2.0"
      }
    },
    "node_modules/@babel/runtime": {
      "version": "7.28.2",
      "resolved": "https://registry.npmjs.org/@babel/runtime/-/runtime-7.28.2.tgz",
      "integrity": "sha512-KHp2IflsnGywDjBWDkR9iEqiWSpc8GIi0lgTT3mOElT0PP1tG26P4tmFI2YvAdzgq9RGyoHZQEIEdZy6Ec5xCA==",
      "license": "MIT",
      "engines": {
        "node": ">=6.9.0"
      }
    },
    "node_modules/i18next-browser-languagedetector": {
      "version": "8.2.0",
      "resolved": "https://registry.npmjs.org/i18next-browser-languagedetector/-/i18next-browser-languagedetector-8.2.0.tgz",
      "integrity": "sha512-P+3zEKLnOF0qmiesW383vsLdtQVyKtCNA9cjSoKCppTKPQVfKd2W8hbVo5ZhNJKDqeM7BOcvNoKJOjpHh4Js9g==",
      "license": "MIT",
      "dependencies": {
        "@babel/runtime": "^7.23.2"
      }
    },
    "node_modules/i18next-localstorage-backend": {
      "version": "4.2.0",
      "resolved": "https://registry.npmjs.org/i18next-localstorage-backend/-/i18next-localstorage-backend-4.2.0.tgz",
      "integrity": "sha512-vglEQF0AnLriX7dLA2drHnqAYzHxnLwWQzBDw8YxcIDjOvYZz5rvpal59Dq4In+IHNmGNM32YgF0TDjBT0fHmA==",
      "license": "MIT",
      "dependencies": {
        "@babel/runtime": "^7.22.15"
      }
    }
  }
}
